# This file is automatically @generated by Cargo.
# It is not intended for manual editing.
version = 4

[[package]]
name = "encoder_ebpf_net_ingest"
version = "0.1.0"

[[package]]
name = "encoder_ebpf_net_kernel_collector"
version = "0.1.0"

[[package]]
name = "kernel-collector-bin"
version = "0.1.0"
dependencies = [
 "kernel-collector-sys",
]

[[package]]
name = "kernel-collector-sys"
version = "0.1.0"
dependencies = [
 "encoder_ebpf_net_ingest",
 "encoder_ebpf_net_kernel_collector",
]
